
Microsoft Visual Studio Solution File, Format Version 12.00
# Visual Studio Version 16
VisualStudioVersion = 16.0.28803.202
MinimumVisualStudioVersion = 10.0.40219.1
Project("{FAE04EC0-301F-11D3-BF4B-00C04F79EFBC}") = "EnigmaticThunder", "EnigmaticThunder\EnigmaticThunder.csproj", "{7348EC26-C048-48D7-9B84-E2AE04A98BF1}"
EndProject
Global
	GlobalSection(SolutionConfigurationPlatforms) = preSolution
		Debug|Any CPU = Debug|Any CPU
		Release|Any CPU = Release|Any CPU
	EndGlobalSection
	GlobalSection(ProjectConfigurationPlatforms) = postSolution
		{7348EC26-C048-48D7-9B84-E2AE04A98BF1}.Debug|Any CPU.ActiveCfg = Debug|Any CPU
		{7348EC26-C048-48D7-9B84-E2AE04A98BF1}.Debug|Any CPU.Build.0 = Debug|Any CPU
		{7348EC26-C048-48D7-9B84-E2AE04A98BF1}.Release|Any CPU.ActiveCfg = Release|Any CPU
		{7348EC26-C048-48D7-9B84-E2AE04A98BF1}.Release|Any CPU.Build.0 = Release|Any CPU
	EndGlobalSection
	GlobalSection(SolutionProperties) = preSolution
		HideSolutionNode = FALSE
	EndGlobalSection
	GlobalSection(ExtensibilityGlobals) = postSolution
		SolutionGuid = {144EA16B-E0A8-4E92-A55D-4B73853C54E1}
	EndGlobalSection
EndGlobal
